
Microsoft Visual Studio Solution File, Format Version 11.00
# Visual Studio 2010
Project("{FAE04EC0-301F-11D3-BF4B-00C04F79EFBC}") = "AppliCinema", "AppliCinema\AppliCinema.csproj", "{9FED9A2C-E817-423D-A03B-C8DF2862AC18}"
EndProject
Project("{FAE04EC0-301F-11D3-BF4B-00C04F79EFBC}") = "CinemaWPF", "CinemaWPF\CinemaWPF.csproj", "{90710204-1D48-477B-8F85-35ADF522D103}"
EndProject
Project("{F088123C-0E9E-452A-89E6-6BA2F21D5CAC}") = "AnalyseProjetCinema", "..\..\AnalyseProjetCinema\AnalyseProjetCinema.modelproj", "{93B46900-9656-40C8-9011-94AB3ADE9613}"
EndProject
Global
	GlobalSection(SolutionConfigurationPlatforms) = preSolution
		Debug|Any CPU = Debug|Any CPU
		Debug|Mixed Platforms = Debug|Mixed Platforms
		Debug|x86 = Debug|x86
		Release|Any CPU = Release|Any CPU
		Release|Mixed Platforms = Release|Mixed Platforms
		Release|x86 = Release|x86
	EndGlobalSection
	GlobalSection(ProjectConfigurationPlatforms) = postSolution
		{9FED9A2C-E817-423D-A03B-C8DF2862AC18}.Debug|Any CPU.ActiveCfg = Debug|Any CPU
		{9FED9A2C-E817-423D-A03B-C8DF2862AC18}.Debug|Any CPU.Build.0 = Debug|Any CPU
		{9FED9A2C-E817-423D-A03B-C8DF2862AC18}.Debug|Mixed Platforms.ActiveCfg = Debug|Any CPU
		{9FED9A2C-E817-423D-A03B-C8DF2862AC18}.Debug|Mixed Platforms.Build.0 = Debug|Any CPU
		{9FED9A2C-E817-423D-A03B-C8DF2862AC18}.Debug|x86.ActiveCfg = Debug|Any CPU
		{9FED9A2C-E817-423D-A03B-C8DF2862AC18}.Release|Any CPU.ActiveCfg = Release|Any CPU
		{9FED9A2C-E817-423D-A03B-C8DF2862AC18}.Release|Any CPU.Build.0 = Release|Any CPU
		{9FED9A2C-E817-423D-A03B-C8DF2862AC18}.Release|Mixed Platforms.ActiveCfg = Release|Any CPU
		{9FED9A2C-E817-423D-A03B-C8DF2862AC18}.Release|Mixed Platforms.Build.0 = Release|Any CPU
		{9FED9A2C-E817-423D-A03B-C8DF2862AC18}.Release|x86.ActiveCfg = Release|Any CPU
		{90710204-1D48-477B-8F85-35ADF522D103}.Debug|Any CPU.ActiveCfg = Debug|x86
		{90710204-1D48-477B-8F85-35ADF522D103}.Debug|Mixed Platforms.ActiveCfg = Debug|x86
		{90710204-1D48-477B-8F85-35ADF522D103}.Debug|Mixed Platforms.Build.0 = Debug|x86
		{90710204-1D48-477B-8F85-35ADF522D103}.Debug|x86.ActiveCfg = Debug|x86
		{90710204-1D48-477B-8F85-35ADF522D103}.Debug|x86.Build.0 = Debug|x86
		{90710204-1D48-477B-8F85-35ADF522D103}.Release|Any CPU.ActiveCfg = Release|x86
		{90710204-1D48-477B-8F85-35ADF522D103}.Release|Mixed Platforms.ActiveCfg = Release|x86
		{90710204-1D48-477B-8F85-35ADF522D103}.Release|Mixed Platforms.Build.0 = Release|x86
		{90710204-1D48-477B-8F85-35ADF522D103}.Release|x86.ActiveCfg = Release|x86
		{90710204-1D48-477B-8F85-35ADF522D103}.Release|x86.Build.0 = Release|x86
		{93B46900-9656-40C8-9011-94AB3ADE9613}.Debug|Any CPU.ActiveCfg = Debug|Any CPU
		{93B46900-9656-40C8-9011-94AB3ADE9613}.Debug|Any CPU.Build.0 = Debug|Any CPU
		{93B46900-9656-40C8-9011-94AB3ADE9613}.Debug|Mixed Platforms.ActiveCfg = Debug|Any CPU
		{93B46900-9656-40C8-9011-94AB3ADE9613}.Debug|Mixed Platforms.Build.0 = Debug|Any CPU
		{93B46900-9656-40C8-9011-94AB3ADE9613}.Debug|x86.ActiveCfg = Debug|Any CPU
		{93B46900-9656-40C8-9011-94AB3ADE9613}.Release|Any CPU.ActiveCfg = Release|Any CPU
		{93B46900-9656-40C8-9011-94AB3ADE9613}.Release|Any CPU.Build.0 = Release|Any CPU
		{93B46900-9656-40C8-9011-94AB3ADE9613}.Release|Mixed Platforms.ActiveCfg = Release|Any CPU
		{93B46900-9656-40C8-9011-94AB3ADE9613}.Release|Mixed Platforms.Build.0 = Release|Any CPU
		{93B46900-9656-40C8-9011-94AB3ADE9613}.Release|x86.ActiveCfg = Release|Any CPU
	EndGlobalSection
	GlobalSection(SolutionProperties) = preSolution
		HideSolutionNode = FALSE
	EndGlobalSection
EndGlobal
